
Microsoft Visual Studio Solution File, Format Version 12.00
Project("{2150E333-8FDC-42A3-9474-1A3956D46DE8}") = "1. Common", "1. Common", "{B0E5EDCC-8C71-40C6-ADB2-856040B920BB}"
EndProject
Project("{2150E333-8FDC-42A3-9474-1A3956D46DE8}") = "2. Infrastructure", "2. Infrastructure", "{816E7AA1-FCFC-4E89-A5A2-E260A450564A}"
EndProject
Project("{2150E333-8FDC-42A3-9474-1A3956D46DE8}") = "3. Application", "3. Application", "{D1577D82-317A-4668-8F0A-FD03703926A3}"
EndProject
Project("{2150E333-8FDC-42A3-9474-1A3956D46DE8}") = "4. Presentation", "4. Presentation", "{1C16DE97-0830-4115-8E66-E8C167ECB838}"
EndProject
Project("{FAE04EC0-301F-11D3-BF4B-00C04F79EFBC}") = "BlueBoard.API", "BlueBoard.API\BlueBoard.API.csproj", "{85A87D4D-10C1-4325-A252-E81D13F3D52D}"
EndProject
Project("{FAE04EC0-301F-11D3-BF4B-00C04F79EFBC}") = "BlueBoard.Persistence.Abstractions", "BlueBoard.Persistence.Abstractions\BlueBoard.Persistence.Abstractions.csproj", "{AEBE9B24-7FFC-4BF9-A223-8B99773084D4}"
EndProject
Project("{FAE04EC0-301F-11D3-BF4B-00C04F79EFBC}") = "BlueBoard.Persistence", "BlueBoard.Persistence\BlueBoard.Persistence.csproj", "{4D230823-3E97-458C-9D45-F9CE26108CC3}"
EndProject
Project("{FAE04EC0-301F-11D3-BF4B-00C04F79EFBC}") = "BlueBoard.Common", "BlueBoard.Common\BlueBoard.Common.csproj", "{413F86E6-49A6-4312-97D4-EA8B676937DE}"
EndProject
Project("{FAE04EC0-301F-11D3-BF4B-00C04F79EFBC}") = "BlueBoard.Persistence.Postgres", "BlueBoard.Persistence.Postgres\BlueBoard.Persistence.Postgres.csproj", "{46219A76-7418-4E15-8CDA-EB2CEEC62AB2}"
EndProject
Project("{FAE04EC0-301F-11D3-BF4B-00C04F79EFBC}") = "BlueBoard.Module.Common", "BlueBoard.Module.Common\BlueBoard.Module.Common.csproj", "{9B0FF2C8-7B05-4E9C-93E0-F00948109B38}"
EndProject
Project("{FAE04EC0-301F-11D3-BF4B-00C04F79EFBC}") = "BlueBoard.Module.Identity", "BlueBoard.Module.Identity\BlueBoard.Module.Identity.csproj", "{908ED1DA-BD59-49EE-95CC-C765E3E207CD}"
EndProject
Project("{2150E333-8FDC-42A3-9474-1A3956D46DE8}") = "Contracts", "Contracts", "{FCA9B4CD-3952-48A7-A803-8C0FC87A3180}"
EndProject
Project("{2150E333-8FDC-42A3-9474-1A3956D46DE8}") = "Modules", "Modules", "{1A156B79-EC0D-41EC-BA79-CCBC909B1951}"
EndProject
Project("{FAE04EC0-301F-11D3-BF4B-00C04F79EFBC}") = "BlueBoard.Contract.Identity", "BlueBoard.Contract.Identity\BlueBoard.Contract.Identity.csproj", "{BAE9FB4E-665D-4CA4-8B17-0BBE3A7ACB31}"
EndProject
Project("{FAE04EC0-301F-11D3-BF4B-00C04F79EFBC}") = "BlueBoard.Contract.Common", "BlueBoard.Contract.Common\BlueBoard.Contract.Common.csproj", "{AC4190D0-4BC3-4A81-82CE-501E85B2C512}"
EndProject
Project("{FAE04EC0-301F-11D3-BF4B-00C04F79EFBC}") = "BlueBoard.Contract.Mail", "BlueBoard.Contract.Mail\BlueBoard.Contract.Mail.csproj", "{3EA51CA1-564E-404B-B767-69556616150E}"
EndProject
Project("{FAE04EC0-301F-11D3-BF4B-00C04F79EFBC}") = "BlueBoard.Mail", "BlueBoard.Mail\BlueBoard.Mail.csproj", "{B8F84733-91DC-418F-B5A0-B56840DB1639}"
EndProject
Global
	GlobalSection(SolutionConfigurationPlatforms) = preSolution
		Debug|Any CPU = Debug|Any CPU
		Release|Any CPU = Release|Any CPU
	EndGlobalSection
	GlobalSection(NestedProjects) = preSolution
		{85A87D4D-10C1-4325-A252-E81D13F3D52D} = {1C16DE97-0830-4115-8E66-E8C167ECB838}
		{AEBE9B24-7FFC-4BF9-A223-8B99773084D4} = {816E7AA1-FCFC-4E89-A5A2-E260A450564A}
		{4D230823-3E97-458C-9D45-F9CE26108CC3} = {816E7AA1-FCFC-4E89-A5A2-E260A450564A}
		{413F86E6-49A6-4312-97D4-EA8B676937DE} = {B0E5EDCC-8C71-40C6-ADB2-856040B920BB}
		{46219A76-7418-4E15-8CDA-EB2CEEC62AB2} = {816E7AA1-FCFC-4E89-A5A2-E260A450564A}
		{FCA9B4CD-3952-48A7-A803-8C0FC87A3180} = {D1577D82-317A-4668-8F0A-FD03703926A3}
		{1A156B79-EC0D-41EC-BA79-CCBC909B1951} = {D1577D82-317A-4668-8F0A-FD03703926A3}
		{9B0FF2C8-7B05-4E9C-93E0-F00948109B38} = {1A156B79-EC0D-41EC-BA79-CCBC909B1951}
		{908ED1DA-BD59-49EE-95CC-C765E3E207CD} = {1A156B79-EC0D-41EC-BA79-CCBC909B1951}
		{BAE9FB4E-665D-4CA4-8B17-0BBE3A7ACB31} = {FCA9B4CD-3952-48A7-A803-8C0FC87A3180}
		{AC4190D0-4BC3-4A81-82CE-501E85B2C512} = {FCA9B4CD-3952-48A7-A803-8C0FC87A3180}
		{3EA51CA1-564E-404B-B767-69556616150E} = {FCA9B4CD-3952-48A7-A803-8C0FC87A3180}
		{B8F84733-91DC-418F-B5A0-B56840DB1639} = {816E7AA1-FCFC-4E89-A5A2-E260A450564A}
	EndGlobalSection
	GlobalSection(ProjectConfigurationPlatforms) = postSolution
		{85A87D4D-10C1-4325-A252-E81D13F3D52D}.Debug|Any CPU.ActiveCfg = Debug|Any CPU
		{85A87D4D-10C1-4325-A252-E81D13F3D52D}.Debug|Any CPU.Build.0 = Debug|Any CPU
		{85A87D4D-10C1-4325-A252-E81D13F3D52D}.Release|Any CPU.ActiveCfg = Release|Any CPU
		{85A87D4D-10C1-4325-A252-E81D13F3D52D}.Release|Any CPU.Build.0 = Release|Any CPU
		{AEBE9B24-7FFC-4BF9-A223-8B99773084D4}.Debug|Any CPU.ActiveCfg = Debug|Any CPU
		{AEBE9B24-7FFC-4BF9-A223-8B99773084D4}.Debug|Any CPU.Build.0 = Debug|Any CPU
		{AEBE9B24-7FFC-4BF9-A223-8B99773084D4}.Release|Any CPU.ActiveCfg = Release|Any CPU
		{AEBE9B24-7FFC-4BF9-A223-8B99773084D4}.Release|Any CPU.Build.0 = Release|Any CPU
		{4D230823-3E97-458C-9D45-F9CE26108CC3}.Debug|Any CPU.ActiveCfg = Debug|Any CPU
		{4D230823-3E97-458C-9D45-F9CE26108CC3}.Debug|Any CPU.Build.0 = Debug|Any CPU
		{4D230823-3E97-458C-9D45-F9CE26108CC3}.Release|Any CPU.ActiveCfg = Release|Any CPU
		{4D230823-3E97-458C-9D45-F9CE26108CC3}.Release|Any CPU.Build.0 = Release|Any CPU
		{413F86E6-49A6-4312-97D4-EA8B676937DE}.Debug|Any CPU.ActiveCfg = Debug|Any CPU
		{413F86E6-49A6-4312-97D4-EA8B676937DE}.Debug|Any CPU.Build.0 = Debug|Any CPU
		{413F86E6-49A6-4312-97D4-EA8B676937DE}.Release|Any CPU.ActiveCfg = Release|Any CPU
		{413F86E6-49A6-4312-97D4-EA8B676937DE}.Release|Any CPU.Build.0 = Release|Any CPU
		{46219A76-7418-4E15-8CDA-EB2CEEC62AB2}.Debug|Any CPU.ActiveCfg = Debug|Any CPU
		{46219A76-7418-4E15-8CDA-EB2CEEC62AB2}.Debug|Any CPU.Build.0 = Debug|Any CPU
		{46219A76-7418-4E15-8CDA-EB2CEEC62AB2}.Release|Any CPU.ActiveCfg = Release|Any CPU
		{46219A76-7418-4E15-8CDA-EB2CEEC62AB2}.Release|Any CPU.Build.0 = Release|Any CPU
		{9B0FF2C8-7B05-4E9C-93E0-F00948109B38}.Debug|Any CPU.ActiveCfg = Debug|Any CPU
		{9B0FF2C8-7B05-4E9C-93E0-F00948109B38}.Debug|Any CPU.Build.0 = Debug|Any CPU
		{9B0FF2C8-7B05-4E9C-93E0-F00948109B38}.Release|Any CPU.ActiveCfg = Release|Any CPU
		{9B0FF2C8-7B05-4E9C-93E0-F00948109B38}.Release|Any CPU.Build.0 = Release|Any CPU
		{908ED1DA-BD59-49EE-95CC-C765E3E207CD}.Debug|Any CPU.ActiveCfg = Debug|Any CPU
		{908ED1DA-BD59-49EE-95CC-C765E3E207CD}.Debug|Any CPU.Build.0 = Debug|Any CPU
		{908ED1DA-BD59-49EE-95CC-C765E3E207CD}.Release|Any CPU.ActiveCfg = Release|Any CPU
		{908ED1DA-BD59-49EE-95CC-C765E3E207CD}.Release|Any CPU.Build.0 = Release|Any CPU
		{BAE9FB4E-665D-4CA4-8B17-0BBE3A7ACB31}.Debug|Any CPU.ActiveCfg = Debug|Any CPU
		{BAE9FB4E-665D-4CA4-8B17-0BBE3A7ACB31}.Debug|Any CPU.Build.0 = Debug|Any CPU
		{BAE9FB4E-665D-4CA4-8B17-0BBE3A7ACB31}.Release|Any CPU.ActiveCfg = Release|Any CPU
		{BAE9FB4E-665D-4CA4-8B17-0BBE3A7ACB31}.Release|Any CPU.Build.0 = Release|Any CPU
		{AC4190D0-4BC3-4A81-82CE-501E85B2C512}.Debug|Any CPU.ActiveCfg = Debug|Any CPU
		{AC4190D0-4BC3-4A81-82CE-501E85B2C512}.Debug|Any CPU.Build.0 = Debug|Any CPU
		{AC4190D0-4BC3-4A81-82CE-501E85B2C512}.Release|Any CPU.ActiveCfg = Release|Any CPU
		{AC4190D0-4BC3-4A81-82CE-501E85B2C512}.Release|Any CPU.Build.0 = Release|Any CPU
		{3EA51CA1-564E-404B-B767-69556616150E}.Debug|Any CPU.ActiveCfg = Debug|Any CPU
		{3EA51CA1-564E-404B-B767-69556616150E}.Debug|Any CPU.Build.0 = Debug|Any CPU
		{3EA51CA1-564E-404B-B767-69556616150E}.Release|Any CPU.ActiveCfg = Release|Any CPU
		{3EA51CA1-564E-404B-B767-69556616150E}.Release|Any CPU.Build.0 = Release|Any CPU
		{B8F84733-91DC-418F-B5A0-B56840DB1639}.Debug|Any CPU.ActiveCfg = Debug|Any CPU
		{B8F84733-91DC-418F-B5A0-B56840DB1639}.Debug|Any CPU.Build.0 = Debug|Any CPU
		{B8F84733-91DC-418F-B5A0-B56840DB1639}.Release|Any CPU.ActiveCfg = Release|Any CPU
		{B8F84733-91DC-418F-B5A0-B56840DB1639}.Release|Any CPU.Build.0 = Release|Any CPU
	EndGlobalSection
EndGlobal
